
Microsoft Visual Studio Solution File, Format Version 12.00
# Visual Studio 15
VisualStudioVersion = 15.0.28307.329
MinimumVisualStudioVersion = 10.0.40219.1
Project("{8BC9CEB8-8B4A-11D0-8D11-00A0C91BC942}") = "graphics", "Project9\Project9.vcxproj", "{D2841534-3C07-401E-A44F-4B0C761793E0}"
EndProject
Project("{8BC9CEB8-8B4A-11D0-8D11-00A0C91BC942}") = "main project", "Project10\Project10.vcxproj", "{6B662E6E-8260-40F3-A722-64087AE45371}"
EndProject
Project("{8BC9CEB8-8B4A-11D0-8D11-00A0C91BC942}") = "gtest", "gtest\gtest.vcxproj", "{76484674-5DBB-4C0F-AF37-F2C2E3346B7D}"
EndProject
Global
	GlobalSection(SolutionConfigurationPlatforms) = preSolution
		Debug|Mixed Platforms = Debug|Mixed Platforms
		Debug|Win32 = Debug|Win32
		Debug|x64 = Debug|x64
		Debug|x86 = Debug|x86
		Release|Mixed Platforms = Release|Mixed Platforms
		Release|Win32 = Release|Win32
		Release|x64 = Release|x64
		Release|x86 = Release|x86
	EndGlobalSection
	GlobalSection(ProjectConfigurationPlatforms) = postSolution
		{D2841534-3C07-401E-A44F-4B0C761793E0}.Debug|Mixed Platforms.ActiveCfg = Debug|Win32
		{D2841534-3C07-401E-A44F-4B0C761793E0}.Debug|Mixed Platforms.Build.0 = Debug|Win32
		{D2841534-3C07-401E-A44F-4B0C761793E0}.Debug|Win32.ActiveCfg = Debug|Win32
		{D2841534-3C07-401E-A44F-4B0C761793E0}.Debug|Win32.Build.0 = Debug|Win32
		{D2841534-3C07-401E-A44F-4B0C761793E0}.Debug|x64.ActiveCfg = Debug|x64
		{D2841534-3C07-401E-A44F-4B0C761793E0}.Debug|x64.Build.0 = Debug|x64
		{D2841534-3C07-401E-A44F-4B0C761793E0}.Debug|x86.ActiveCfg = Debug|Win32
		{D2841534-3C07-401E-A44F-4B0C761793E0}.Debug|x86.Build.0 = Debug|Win32
		{D2841534-3C07-401E-A44F-4B0C761793E0}.Release|Mixed Platforms.ActiveCfg = Release|Win32
		{D2841534-3C07-401E-A44F-4B0C761793E0}.Release|Mixed Platforms.Build.0 = Release|Win32
		{D2841534-3C07-401E-A44F-4B0C761793E0}.Release|Win32.ActiveCfg = Release|Win32
		{D2841534-3C07-401E-A44F-4B0C761793E0}.Release|Win32.Build.0 = Release|Win32
		{D2841534-3C07-401E-A44F-4B0C761793E0}.Release|x64.ActiveCfg = Release|x64
		{D2841534-3C07-401E-A44F-4B0C761793E0}.Release|x64.Build.0 = Release|x64
		{D2841534-3C07-401E-A44F-4B0C761793E0}.Release|x86.ActiveCfg = Release|Win32
		{D2841534-3C07-401E-A44F-4B0C761793E0}.Release|x86.Build.0 = Release|Win32
		{6B662E6E-8260-40F3-A722-64087AE45371}.Debug|Mixed Platforms.ActiveCfg = Debug|Win32
		{6B662E6E-8260-40F3-A722-64087AE45371}.Debug|Mixed Platforms.Build.0 = Debug|Win32
		{6B662E6E-8260-40F3-A722-64087AE45371}.Debug|Win32.ActiveCfg = Debug|Win32
		{6B662E6E-8260-40F3-A722-64087AE45371}.Debug|Win32.Build.0 = Debug|Win32
		{6B662E6E-8260-40F3-A722-64087AE45371}.Debug|x64.ActiveCfg = Debug|x64
		{6B662E6E-8260-40F3-A722-64087AE45371}.Debug|x64.Build.0 = Debug|x64
		{6B662E6E-8260-40F3-A722-64087AE45371}.Debug|x86.ActiveCfg = Debug|Win32
		{6B662E6E-8260-40F3-A722-64087AE45371}.Debug|x86.Build.0 = Debug|Win32
		{6B662E6E-8260-40F3-A722-64087AE45371}.Release|Mixed Platforms.ActiveCfg = Release|Win32
		{6B662E6E-8260-40F3-A722-64087AE45371}.Release|Mixed Platforms.Build.0 = Release|Win32
		{6B662E6E-8260-40F3-A722-64087AE45371}.Release|Win32.ActiveCfg = Release|Win32
		{6B662E6E-8260-40F3-A722-64087AE45371}.Release|Win32.Build.0 = Release|Win32
		{6B662E6E-8260-40F3-A722-64087AE45371}.Release|x64.ActiveCfg = Release|x64
		{6B662E6E-8260-40F3-A722-64087AE45371}.Release|x64.Build.0 = Release|x64
		{6B662E6E-8260-40F3-A722-64087AE45371}.Release|x86.ActiveCfg = Release|Win32
		{6B662E6E-8260-40F3-A722-64087AE45371}.Release|x86.Build.0 = Release|Win32
		{76484674-5DBB-4C0F-AF37-F2C2E3346B7D}.Debug|Mixed Platforms.ActiveCfg = Debug|Win32
		{76484674-5DBB-4C0F-AF37-F2C2E3346B7D}.Debug|Mixed Platforms.Build.0 = Debug|Win32
		{76484674-5DBB-4C0F-AF37-F2C2E3346B7D}.Debug|Win32.ActiveCfg = Debug|Win32
		{76484674-5DBB-4C0F-AF37-F2C2E3346B7D}.Debug|Win32.Build.0 = Debug|Win32
		{76484674-5DBB-4C0F-AF37-F2C2E3346B7D}.Debug|x64.ActiveCfg = Debug|x64
		{76484674-5DBB-4C0F-AF37-F2C2E3346B7D}.Debug|x64.Build.0 = Debug|x64
		{76484674-5DBB-4C0F-AF37-F2C2E3346B7D}.Debug|x86.ActiveCfg = Debug|Win32
		{76484674-5DBB-4C0F-AF37-F2C2E3346B7D}.Debug|x86.Build.0 = Debug|Win32
		{76484674-5DBB-4C0F-AF37-F2C2E3346B7D}.Release|Mixed Platforms.ActiveCfg = Release|Win32
		{76484674-5DBB-4C0F-AF37-F2C2E3346B7D}.Release|Mixed Platforms.Build.0 = Release|Win32
		{76484674-5DBB-4C0F-AF37-F2C2E3346B7D}.Release|Win32.ActiveCfg = Release|Win32
		{76484674-5DBB-4C0F-AF37-F2C2E3346B7D}.Release|Win32.Build.0 = Release|Win32
		{76484674-5DBB-4C0F-AF37-F2C2E3346B7D}.Release|x64.ActiveCfg = Release|x64
		{76484674-5DBB-4C0F-AF37-F2C2E3346B7D}.Release|x64.Build.0 = Release|x64
		{76484674-5DBB-4C0F-AF37-F2C2E3346B7D}.Release|x86.ActiveCfg = Release|Win32
		{76484674-5DBB-4C0F-AF37-F2C2E3346B7D}.Release|x86.Build.0 = Release|Win32
	EndGlobalSection
	GlobalSection(SolutionProperties) = preSolution
		HideSolutionNode = FALSE
	EndGlobalSection
	GlobalSection(ExtensibilityGlobals) = postSolution
		SolutionGuid = {BE4E0ECD-AD24-4777-A273-A24D5F6CFF76}
	EndGlobalSection
EndGlobal
